PODS:
  - AFNetworking (3.2.1):
    - AFNetworking/NSURLSession (= 3.2.1)
    - AFNetworking/Reachability (= 3.2.1)
    - AFNetworking/Security (= 3.2.1)
    - AFNetworking/Serialization (= 3.2.1)
    - AFNetworking/UIKit (= 3.2.1)
  - AFNetworking/NSURLSession (3.2.1):
    - AFNetworking/Reachability
    - AFNetworking/Security
    - AFNetworking/Serialization
  - AFNetworking/Reachability (3.2.1)
  - AFNetworking/Security (3.2.1)
  - AFNetworking/Serialization (3.2.1)
  - AFNetworking/UIKit (3.2.1):
    - AFNetworking/NSURLSession
  - BRPickerView (2.2.1)
  - DTCoreText (1.6.21):
    - DTCoreText/Core (= 1.6.21)
    - DTFoundation/Core (~> 1.7.5)
    - DTFoundation/DTAnimatedGIF (~> 1.7.5)
    - DTFoundation/DTHTMLParser (~> 1.7.5)
    - DTFoundation/UIKit (~> 1.7.5)
  - DTCoreText/Core (1.6.21):
    - DTFoundation/Core (~> 1.7.5)
    - DTFoundation/DTAnimatedGIF (~> 1.7.5)
    - DTFoundation/DTHTMLParser (~> 1.7.5)
    - DTFoundation/UIKit (~> 1.7.5)
  - DTFoundation/Core (1.7.13)
  - DTFoundation/DTAnimatedGIF (1.7.13)
  - DTFoundation/DTHTMLParser (1.7.13):
    - DTFoundation/Core
  - DTFoundation/UIKit (1.7.13):
    - DTFoundation/Core
  - DZNEmptyDataSet (1.8.1)
  - HGSegmentedPageViewController (0.1.2):
    - Masonry (~> 1.1.0)
  - HMSegmentedControl (1.5.5)
  - JCore (1.2.6)
  - JPush (3.1.2):
    - JCore (~> 1.2.6)
  - Masonry (1.1.0)
  - MJExtension (3.0.15.1)
  - MJRefresh (3.1.15.7)
  - ReactiveCocoa (2.1.8):
    - ReactiveCocoa/Core (= 2.1.8)
    - ReactiveCocoa/no-arc (= 2.1.8)
  - ReactiveCocoa/Core (2.1.8):
    - ReactiveCocoa/no-arc
  - ReactiveCocoa/no-arc (2.1.8)
  - SDCycleScrollView (1.75):
    - SDWebImage (>= 4.0.0)
  - SDWebImage (4.4.6):
    - SDWebImage/Core (= 4.4.6)
  - SDWebImage/Core (4.4.6)
  - SVProgressHUD (2.2.5)
  - UMCCommon (2.0.1)
  - UMCShare/Core (6.9.5):
    - UMCCommon
  - UMCShare/Social/AlipayShare (6.9.5):
    - UMCCommon
    - UMCShare/Core
  - UMCShare/Social/QQ (6.9.5):
    - UMCCommon
    - UMCShare/Core
    - UMCShare/Social/ReducedQQ
  - UMCShare/Social/ReducedQQ (6.9.5):
    - UMCCommon
    - UMCShare/Core
  - UMCShare/Social/ReducedSina (6.9.5):
    - UMCCommon
    - UMCShare/Core
  - UMCShare/Social/ReducedWeChat (6.9.5):
    - UMCCommon
    - UMCShare/Core
  - UMCShare/UI (6.9.5):
    - UMCCommon
    - UMCShare/Core
  - YYText (1.0.7)

DEPENDENCIES:
  - AFNetworking (~> 3.0)
  - BRPickerView
  - DTCoreText (~> 1.6.21)
  - DZNEmptyDataSet (~> 1.8.1)
  - HGSegmentedPageViewController (~> 0.1.2)
  - HMSegmentedControl
  - JPush
  - Masonry
  - MJExtension (~> 3.0.10)
  - MJRefresh
  - ReactiveCocoa (= 2.1.8)
  - SDCycleScrollView (~> 1.75)
  - SDWebImage
  - SVProgressHUD (~> 2.0-beta8)
  - UMCCommon
  - UMCShare/Social/AlipayShare
  - UMCShare/Social/QQ
  - UMCShare/Social/ReducedSina
  - UMCShare/Social/ReducedWeChat
  - UMCShare/UI
  - YYText

SPEC REPOS:
  https://github.com/cocoapods/specs.git:
    - AFNetworking
    - BRPickerView
    - DTCoreText
    - DTFoundation
    - DZNEmptyDataSet
    - HGSegmentedPageViewController
    - HMSegmentedControl
    - JCore
    - JPush
    - Masonry
    - MJExtension
    - MJRefresh
    - ReactiveCocoa
    - SDCycleScrollView
    - SDWebImage
    - SVProgressHUD
    - UMCCommon
    - UMCShare
    - YYText

SPEC CHECKSUMS:
  AFNetworking: b6f891fdfaed196b46c7a83cf209e09697b94057
  BRPickerView: 0590a8c5de9bd98c6b4e4f117a3dff6de287d5b2
  DTCoreText: e5d688cffc9f6a61eddd1a4f94e2046851230de3
  DTFoundation: f03be9fd786f11e505bb8fc44e2a3732bf0917df
  DZNEmptyDataSet: 9525833b9e68ac21c30253e1d3d7076cc828eaa7
  HGSegmentedPageViewController: e9247a953f448e3645d1f4973597a25fb7a73611
  HMSegmentedControl: f514c6dad47aa3065e0ed2e8046b73efc71221b9
  JCore: cae516dd2bf1a73b578ce6e1065abd49e709e0f7
  JPush: d0cead70ba223a6a3b52749899ebda830dfbc49a
  Masonry: 678fab65091a9290e40e2832a55e7ab731aad201
  MJExtension: 19bc33ce2eee2d319760f5622562cf581a6ff756
  MJRefresh: 697f8ec75ebdbe9207767bb682cf0f51b0d8a41f
  ReactiveCocoa: f89f2e009a87951b50321bf9feb958823fcc617e
  SDCycleScrollView: 884b88f0266dd4708a0e1934975c69cb971707b1
  SDWebImage: 3f3f0c02f09798048c47a5ed0a13f17b063572d8
  SVProgressHUD: 1428aafac632c1f86f62aa4243ec12008d7a51d6
  UMCCommon: 0263a057a2e1ae1da4c8308541e56904a493ce13
  UMCShare: 552b29753f1b4da87b51d96545ed19e6263df397
  YYText: 5c461d709e24d55a182d1441c41dc639a18a4849

PODFILE CHECKSUM: 4cc436bbe40f9a8b11f42958506389ed514c97dc

COCOAPODS: 1.6.1
